[[package]]
name = "mpmath"
version = "1.2.1"
description = "Python library for arbitrary-precision floating-point arithmetic"
category = "main"
optional = false
python-versions = "*"

[package.extras]
develop = ["pytest (>=4.6)", "pycodestyle", "pytest-cov", "codecov", "wheel"]
tests = ["pytest (>=4.6)"]

[[package]]
name = "numpy"
version = "1.24.0"
description = "Fundamental package for array computing in Python"
category = "main"
optional = false
python-versions = ">=3.8"

[[package]]
name = "sympy"
version = "1.11.1"
description = "Computer algebra system (CAS) in Python"
category = "main"
optional = false
python-versions = ">=3.8"

[package.dependencies]
mpmath = ">=0.19"

[metadata]
lock-version = "1.1"
python-versions = "^3.8"
content-hash = "8d55a54f0c11c6000c3a3243ad10783f965d9058e6956de1bf1e0ecad2f77dde"

[metadata.files]
mpmath = []
numpy = []
sympy = []
